
Microsoft Visual Studio Solution File, Format Version 11.00
# Visual Studio 2010
Project("{FAE04EC0-301F-11D3-BF4B-00C04F79EFBC}") = "spectrum", "spectrum\spectrum.csproj", "{3B02A0A6-1F07-4EE4-81DF-7B1DB3A879EF}"
	ProjectSection(ProjectDependencies) = postProject
		{365F8BCD-7B7F-4581-868A-977E42454012} = {365F8BCD-7B7F-4581-868A-977E42454012}
	EndProjectSection
EndProject
Project("{8BC9CEB8-8B4A-11D0-8D11-00A0C91BC942}") = "HostedDx", "HostedDx\HostedDx.vcxproj", "{365F8BCD-7B7F-4581-868A-977E42454012}"
	ProjectSection(ProjectDependencies) = postProject
		{B0C69191-64BF-4FA6-81C4-1BDF6DDE7CE3} = {B0C69191-64BF-4FA6-81C4-1BDF6DDE7CE3}
	EndProjectSection
EndProject
Project("{8BC9CEB8-8B4A-11D0-8D11-00A0C91BC942}") = "celsus", "..\celsus\celsus.vcxproj", "{B0C69191-64BF-4FA6-81C4-1BDF6DDE7CE3}"
EndProject
Global
	GlobalSection(SolutionConfigurationPlatforms) = preSolution
		Debug|Any CPU = Debug|Any CPU
		Debug|Mixed Platforms = Debug|Mixed Platforms
		Debug|Win32 = Debug|Win32
		Debug|x86 = Debug|x86
		Release|Any CPU = Release|Any CPU
		Release|Mixed Platforms = Release|Mixed Platforms
		Release|Win32 = Release|Win32
		Release|x86 = Release|x86
		ReleaseXBAP|Any CPU = ReleaseXBAP|Any CPU
		ReleaseXBAP|Mixed Platforms = ReleaseXBAP|Mixed Platforms
		ReleaseXBAP|Win32 = ReleaseXBAP|Win32
		ReleaseXBAP|x86 = ReleaseXBAP|x86
	EndGlobalSection
	GlobalSection(ProjectConfigurationPlatforms) = postSolution
		{3B02A0A6-1F07-4EE4-81DF-7B1DB3A879EF}.Debug|Any CPU.ActiveCfg = Debug|x86
		{3B02A0A6-1F07-4EE4-81DF-7B1DB3A879EF}.Debug|Mixed Platforms.ActiveCfg = Debug|x86
		{3B02A0A6-1F07-4EE4-81DF-7B1DB3A879EF}.Debug|Mixed Platforms.Build.0 = Debug|x86
		{3B02A0A6-1F07-4EE4-81DF-7B1DB3A879EF}.Debug|Win32.ActiveCfg = Debug|x86
		{3B02A0A6-1F07-4EE4-81DF-7B1DB3A879EF}.Debug|x86.ActiveCfg = Debug|x86
		{3B02A0A6-1F07-4EE4-81DF-7B1DB3A879EF}.Debug|x86.Build.0 = Debug|x86
		{3B02A0A6-1F07-4EE4-81DF-7B1DB3A879EF}.Release|Any CPU.ActiveCfg = Release|x86
		{3B02A0A6-1F07-4EE4-81DF-7B1DB3A879EF}.Release|Mixed Platforms.ActiveCfg = Release|x86
		{3B02A0A6-1F07-4EE4-81DF-7B1DB3A879EF}.Release|Mixed Platforms.Build.0 = Release|x86
		{3B02A0A6-1F07-4EE4-81DF-7B1DB3A879EF}.Release|Win32.ActiveCfg = Release|x86
		{3B02A0A6-1F07-4EE4-81DF-7B1DB3A879EF}.Release|x86.ActiveCfg = Release|x86
		{3B02A0A6-1F07-4EE4-81DF-7B1DB3A879EF}.Release|x86.Build.0 = Release|x86
		{3B02A0A6-1F07-4EE4-81DF-7B1DB3A879EF}.ReleaseXBAP|Any CPU.ActiveCfg = Release|x86
		{3B02A0A6-1F07-4EE4-81DF-7B1DB3A879EF}.ReleaseXBAP|Mixed Platforms.ActiveCfg = Release|x86
		{3B02A0A6-1F07-4EE4-81DF-7B1DB3A879EF}.ReleaseXBAP|Mixed Platforms.Build.0 = Release|x86
		{3B02A0A6-1F07-4EE4-81DF-7B1DB3A879EF}.ReleaseXBAP|Win32.ActiveCfg = Release|x86
		{3B02A0A6-1F07-4EE4-81DF-7B1DB3A879EF}.ReleaseXBAP|x86.ActiveCfg = Release|x86
		{3B02A0A6-1F07-4EE4-81DF-7B1DB3A879EF}.ReleaseXBAP|x86.Build.0 = Release|x86
		{365F8BCD-7B7F-4581-868A-977E42454012}.Debug|Any CPU.ActiveCfg = Debug|Win32
		{365F8BCD-7B7F-4581-868A-977E42454012}.Debug|Mixed Platforms.ActiveCfg = Debug|Win32
		{365F8BCD-7B7F-4581-868A-977E42454012}.Debug|Mixed Platforms.Build.0 = Debug|Win32
		{365F8BCD-7B7F-4581-868A-977E42454012}.Debug|Win32.ActiveCfg = Debug|Win32
		{365F8BCD-7B7F-4581-868A-977E42454012}.Debug|Win32.Build.0 = Debug|Win32
		{365F8BCD-7B7F-4581-868A-977E42454012}.Debug|x86.ActiveCfg = Debug|Win32
		{365F8BCD-7B7F-4581-868A-977E42454012}.Debug|x86.Build.0 = Debug|Win32
		{365F8BCD-7B7F-4581-868A-977E42454012}.Release|Any CPU.ActiveCfg = Release|Win32
		{365F8BCD-7B7F-4581-868A-977E42454012}.Release|Mixed Platforms.ActiveCfg = Release|Win32
		{365F8BCD-7B7F-4581-868A-977E42454012}.Release|Mixed Platforms.Build.0 = Release|Win32
		{365F8BCD-7B7F-4581-868A-977E42454012}.Release|Win32.ActiveCfg = Release|Win32
		{365F8BCD-7B7F-4581-868A-977E42454012}.Release|Win32.Build.0 = Release|Win32
		{365F8BCD-7B7F-4581-868A-977E42454012}.Release|x86.ActiveCfg = Release|Win32
		{365F8BCD-7B7F-4581-868A-977E42454012}.ReleaseXBAP|Any CPU.ActiveCfg = Release|Win32
		{365F8BCD-7B7F-4581-868A-977E42454012}.ReleaseXBAP|Mixed Platforms.ActiveCfg = Release|Win32
		{365F8BCD-7B7F-4581-868A-977E42454012}.ReleaseXBAP|Mixed Platforms.Build.0 = Release|Win32
		{365F8BCD-7B7F-4581-868A-977E42454012}.ReleaseXBAP|Win32.ActiveCfg = Release|Win32
		{365F8BCD-7B7F-4581-868A-977E42454012}.ReleaseXBAP|Win32.Build.0 = Release|Win32
		{365F8BCD-7B7F-4581-868A-977E42454012}.ReleaseXBAP|x86.ActiveCfg = Release|Win32
		{B0C69191-64BF-4FA6-81C4-1BDF6DDE7CE3}.Debug|Any CPU.ActiveCfg = Debug|Win32
		{B0C69191-64BF-4FA6-81C4-1BDF6DDE7CE3}.Debug|Mixed Platforms.ActiveCfg = Debug|Win32
		{B0C69191-64BF-4FA6-81C4-1BDF6DDE7CE3}.Debug|Mixed Platforms.Build.0 = Debug|Win32
		{B0C69191-64BF-4FA6-81C4-1BDF6DDE7CE3}.Debug|Win32.ActiveCfg = Debug|Win32
		{B0C69191-64BF-4FA6-81C4-1BDF6DDE7CE3}.Debug|Win32.Build.0 = Debug|Win32
		{B0C69191-64BF-4FA6-81C4-1BDF6DDE7CE3}.Debug|x86.ActiveCfg = Debug|Win32
		{B0C69191-64BF-4FA6-81C4-1BDF6DDE7CE3}.Debug|x86.Build.0 = Debug|Win32
		{B0C69191-64BF-4FA6-81C4-1BDF6DDE7CE3}.Release|Any CPU.ActiveCfg = Release|Win32
		{B0C69191-64BF-4FA6-81C4-1BDF6DDE7CE3}.Release|Mixed Platforms.ActiveCfg = Release|Win32
		{B0C69191-64BF-4FA6-81C4-1BDF6DDE7CE3}.Release|Mixed Platforms.Build.0 = Release|Win32
		{B0C69191-64BF-4FA6-81C4-1BDF6DDE7CE3}.Release|Win32.ActiveCfg = Release|Win32
		{B0C69191-64BF-4FA6-81C4-1BDF6DDE7CE3}.Release|Win32.Build.0 = Release|Win32
		{B0C69191-64BF-4FA6-81C4-1BDF6DDE7CE3}.Release|x86.ActiveCfg = Release|Win32
		{B0C69191-64BF-4FA6-81C4-1BDF6DDE7CE3}.ReleaseXBAP|Any CPU.ActiveCfg = Release|Win32
		{B0C69191-64BF-4FA6-81C4-1BDF6DDE7CE3}.ReleaseXBAP|Mixed Platforms.ActiveCfg = Release|Win32
		{B0C69191-64BF-4FA6-81C4-1BDF6DDE7CE3}.ReleaseXBAP|Mixed Platforms.Build.0 = Release|Win32
		{B0C69191-64BF-4FA6-81C4-1BDF6DDE7CE3}.ReleaseXBAP|Win32.ActiveCfg = Release|Win32
		{B0C69191-64BF-4FA6-81C4-1BDF6DDE7CE3}.ReleaseXBAP|Win32.Build.0 = Release|Win32
		{B0C69191-64BF-4FA6-81C4-1BDF6DDE7CE3}.ReleaseXBAP|x86.ActiveCfg = Release|Win32
	EndGlobalSection
	GlobalSection(SolutionProperties) = preSolution
		HideSolutionNode = FALSE
	EndGlobalSection
EndGlobal
